
Microsoft Visual Studio Solution File, Format Version 12.00
# Visual Studio 15
VisualStudioVersion = 15.0.27130.2003
MinimumVisualStudioVersion = 10.0.40219.1
Project("{FAE04EC0-301F-11D3-BF4B-00C04F79EFBC}") = "ZulipCSharp", "ZulipCSharp\ZulipCSharp.csproj", "{A5D0D82D-4056-45D7-ADD8-BA541527A2FF}"
EndProject
Project("{FAE04EC0-301F-11D3-BF4B-00C04F79EFBC}") = "SampleApp", "SampleApp\SampleApp.csproj", "{1D1AAA6A-7072-4617-874E-D52199A2C0F5}"
EndProject
Project("{9A19103F-16F7-4668-BE54-9A1E7A4F7556}") = "Zulip.NetCore", "Zulip.NetCore\Zulip.NetCore.csproj", "{31AA03BA-E1D0-4616-BF48-FA2FBF447FE9}"
EndProject
Project("{FAE04EC0-301F-11D3-BF4B-00C04F79EFBC}") = "ZulipUnitTest", "ZulipUnitTest\ZulipUnitTest.csproj", "{1E353295-FA4F-4008-9971-9657E980DE29}"
EndProject
Global
	GlobalSection(SolutionConfigurationPlatforms) = preSolution
		Debug|Any CPU = Debug|Any CPU
		Release|Any CPU = Release|Any CPU
	EndGlobalSection
	GlobalSection(ProjectConfigurationPlatforms) = postSolution
		{A5D0D82D-4056-45D7-ADD8-BA541527A2FF}.Debug|Any CPU.ActiveCfg = Debug|Any CPU
		{A5D0D82D-4056-45D7-ADD8-BA541527A2FF}.Debug|Any CPU.Build.0 = Debug|Any CPU
		{A5D0D82D-4056-45D7-ADD8-BA541527A2FF}.Release|Any CPU.ActiveCfg = Release|Any CPU
		{A5D0D82D-4056-45D7-ADD8-BA541527A2FF}.Release|Any CPU.Build.0 = Release|Any CPU
		{1D1AAA6A-7072-4617-874E-D52199A2C0F5}.Debug|Any CPU.ActiveCfg = Debug|Any CPU
		{1D1AAA6A-7072-4617-874E-D52199A2C0F5}.Debug|Any CPU.Build.0 = Debug|Any CPU
		{1D1AAA6A-7072-4617-874E-D52199A2C0F5}.Release|Any CPU.ActiveCfg = Release|Any CPU
		{1D1AAA6A-7072-4617-874E-D52199A2C0F5}.Release|Any CPU.Build.0 = Release|Any CPU
		{31AA03BA-E1D0-4616-BF48-FA2FBF447FE9}.Debug|Any CPU.ActiveCfg = Debug|Any CPU
		{31AA03BA-E1D0-4616-BF48-FA2FBF447FE9}.Debug|Any CPU.Build.0 = Debug|Any CPU
		{31AA03BA-E1D0-4616-BF48-FA2FBF447FE9}.Release|Any CPU.ActiveCfg = Release|Any CPU
		{31AA03BA-E1D0-4616-BF48-FA2FBF447FE9}.Release|Any CPU.Build.0 = Release|Any CPU
		{1E353295-FA4F-4008-9971-9657E980DE29}.Debug|Any CPU.ActiveCfg = Debug|Any CPU
		{1E353295-FA4F-4008-9971-9657E980DE29}.Debug|Any CPU.Build.0 = Debug|Any CPU
		{1E353295-FA4F-4008-9971-9657E980DE29}.Release|Any CPU.ActiveCfg = Release|Any CPU
		{1E353295-FA4F-4008-9971-9657E980DE29}.Release|Any CPU.Build.0 = Release|Any CPU
	EndGlobalSection
	GlobalSection(SolutionProperties) = preSolution
		HideSolutionNode = FALSE
	EndGlobalSection
	GlobalSection(ExtensibilityGlobals) = postSolution
		SolutionGuid = {16222FC2-CC2A-4F6E-8DB7-99E3AD67F09C}
	EndGlobalSection
EndGlobal
