Microsoft Visual Studio Solution File, Format Version 12.00
# Visual Studio 15
VisualStudioVersion = 15.0.27130.2010
MinimumVisualStudioVersion = 10.0.40219.1
Project("{FAE04EC0-301F-11D3-BF4B-00C04F79EFBC}") = "SampleApp", "SampleApp\SampleApp.csproj", "{1D1AAA6A-7072-4617-874E-D52199A2C0F5}"
EndProject
Project("{9A19103F-16F7-4668-BE54-9A1E7A4F7556}") = "zulip-csharp", "zulip-csharp\zulip-csharp.csproj", "{E5A64296-3F46-4002-B428-90AD2E5C6B59}"
EndProject
Global
	GlobalSection(SolutionConfigurationPlatforms) = preSolution
		Debug|Any CPU = Debug|Any CPU
		Debug|x64 = Debug|x64
		Debug|x86 = Debug|x86
		Release|Any CPU = Release|Any CPU
		Release|x64 = Release|x64
		Release|x86 = Release|x86
	EndGlobalSection
	GlobalSection(ProjectConfigurationPlatforms) = postSolution
		{1D1AAA6A-7072-4617-874E-D52199A2C0F5}.Debug|Any CPU.ActiveCfg = Debug|Any CPU
		{1D1AAA6A-7072-4617-874E-D52199A2C0F5}.Debug|Any CPU.Build.0 = Debug|Any CPU
		{1D1AAA6A-7072-4617-874E-D52199A2C0F5}.Debug|x64.ActiveCfg = Debug|Any CPU
		{1D1AAA6A-7072-4617-874E-D52199A2C0F5}.Debug|x64.Build.0 = Debug|Any CPU
		{1D1AAA6A-7072-4617-874E-D52199A2C0F5}.Debug|x86.ActiveCfg = Debug|Any CPU
		{1D1AAA6A-7072-4617-874E-D52199A2C0F5}.Debug|x86.Build.0 = Debug|Any CPU
		{1D1AAA6A-7072-4617-874E-D52199A2C0F5}.Release|Any CPU.ActiveCfg = Release|Any CPU
		{1D1AAA6A-7072-4617-874E-D52199A2C0F5}.Release|Any CPU.Build.0 = Release|Any CPU
		{1D1AAA6A-7072-4617-874E-D52199A2C0F5}.Release|x64.ActiveCfg = Release|Any CPU
		{1D1AAA6A-7072-4617-874E-D52199A2C0F5}.Release|x64.Build.0 = Release|Any CPU
		{1D1AAA6A-7072-4617-874E-D52199A2C0F5}.Release|x86.ActiveCfg = Release|Any CPU
		{1D1AAA6A-7072-4617-874E-D52199A2C0F5}.Release|x86.Build.0 = Release|Any CPU
		{E5A64296-3F46-4002-B428-90AD2E5C6B59}.Debug|Any CPU.ActiveCfg = Debug|Any CPU
		{E5A64296-3F46-4002-B428-90AD2E5C6B59}.Debug|Any CPU.Build.0 = Debug|Any CPU
		{E5A64296-3F46-4002-B428-90AD2E5C6B59}.Debug|x64.ActiveCfg = Debug|Any CPU
		{E5A64296-3F46-4002-B428-90AD2E5C6B59}.Debug|x64.Build.0 = Debug|Any CPU
		{E5A64296-3F46-4002-B428-90AD2E5C6B59}.Debug|x86.ActiveCfg = Debug|Any CPU
		{E5A64296-3F46-4002-B428-90AD2E5C6B59}.Debug|x86.Build.0 = Debug|Any CPU
		{E5A64296-3F46-4002-B428-90AD2E5C6B59}.Release|Any CPU.ActiveCfg = Release|Any CPU
		{E5A64296-3F46-4002-B428-90AD2E5C6B59}.Release|Any CPU.Build.0 = Release|Any CPU
		{E5A64296-3F46-4002-B428-90AD2E5C6B59}.Release|x64.ActiveCfg = Release|Any CPU
		{E5A64296-3F46-4002-B428-90AD2E5C6B59}.Release|x64.Build.0 = Release|Any CPU
		{E5A64296-3F46-4002-B428-90AD2E5C6B59}.Release|x86.ActiveCfg = Release|Any CPU
		{E5A64296-3F46-4002-B428-90AD2E5C6B59}.Release|x86.Build.0 = Release|Any CPU
	EndGlobalSection
	GlobalSection(SolutionProperties) = preSolution
		HideSolutionNode = FALSE
	EndGlobalSection
	GlobalSection(ExtensibilityGlobals) = postSolution
		SolutionGuid = {16222FC2-CC2A-4F6E-8DB7-99E3AD67F09C}
	EndGlobalSection
EndGlobal
